
Microsoft Visual Studio Solution File, Format Version 12.00
# Visual Studio Version 17
VisualStudioVersion = 17.10.34916.146
MinimumVisualStudioVersion = 10.0.40219.1
Project("{9A19103F-16F7-4668-BE54-9A1E7A4F7556}") = "Giggle", "Giggle\Giggle.csproj", "{1E37E219-24C9-4301-88E3-89314B519643}"
EndProject
Project("{9A19103F-16F7-4668-BE54-9A1E7A4F7556}") = "GiggleApp.Tests", "GiggleApp.Tests\GiggleApp.Tests.csproj", "{60D1E3BD-A258-4CF7-8C87-25D860524D60}"
EndProject
Global
	GlobalSection(SolutionConfigurationPlatforms) = preSolution
		Debug|Any CPU = Debug|Any CPU
		Release|Any CPU = Release|Any CPU
	EndGlobalSection
	GlobalSection(ProjectConfigurationPlatforms) = postSolution
		{1E37E219-24C9-4301-88E3-89314B519643}.Debug|Any CPU.ActiveCfg = Debug|Any CPU
		{1E37E219-24C9-4301-88E3-89314B519643}.Debug|Any CPU.Build.0 = Debug|Any CPU
		{1E37E219-24C9-4301-88E3-89314B519643}.Release|Any CPU.ActiveCfg = Release|Any CPU
		{1E37E219-24C9-4301-88E3-89314B519643}.Release|Any CPU.Build.0 = Release|Any CPU
		{60D1E3BD-A258-4CF7-8C87-25D860524D60}.Debug|Any CPU.ActiveCfg = Debug|Any CPU
		{60D1E3BD-A258-4CF7-8C87-25D860524D60}.Debug|Any CPU.Build.0 = Debug|Any CPU
		{60D1E3BD-A258-4CF7-8C87-25D860524D60}.Release|Any CPU.ActiveCfg = Release|Any CPU
		{60D1E3BD-A258-4CF7-8C87-25D860524D60}.Release|Any CPU.Build.0 = Release|Any CPU
	EndGlobalSection
	GlobalSection(SolutionProperties) = preSolution
		HideSolutionNode = FALSE
	EndGlobalSection
	GlobalSection(ExtensibilityGlobals) = postSolution
		SolutionGuid = {E9BE3B11-AAB9-4C79-B8D6-7636F7D7C55D}
	EndGlobalSection
EndGlobal
